
Microsoft Visual Studio Solution File, Format Version 12.00
# Visual Studio Version 16
VisualStudioVersion = 16.0.28803.202
MinimumVisualStudioVersion = 10.0.40219.1
Project("{9A19103F-16F7-4668-BE54-9A1E7A4F7556}") = "Checkout", "Checkout\Checkout.csproj", "{9624CE77-032C-4CD5-85FC-44AB4FCD11AC}"
EndProject
Project("{2150E333-8FDC-42A3-9474-1A3956D46DE8}") = "src", "src", "{D5A9A746-B273-451A-B4C9-BC08273741F3}"
EndProject
Project("{2150E333-8FDC-42A3-9474-1A3956D46DE8}") = "test", "test", "{78F881C8-2833-4E6D-BD22-59B9013F76F0}"
EndProject
Project("{FAE04EC0-301F-11D3-BF4B-00C04F79EFBC}") = "Checkout.UnitTests", "Checkout.UnitTests\Checkout.UnitTests.csproj", "{686EB3E0-CC82-423A-B17A-6CC972851BE8}"
EndProject
Project("{FAE04EC0-301F-11D3-BF4B-00C04F79EFBC}") = "Checkout.IntegrationTests", "Checkout.IntegrationTests\Checkout.IntegrationTests.csproj", "{2EFEDE7B-C244-4509-978E-BF032FC460AC}"
EndProject
Global
	GlobalSection(SolutionConfigurationPlatforms) = preSolution
		Debug|Any CPU = Debug|Any CPU
		Release|Any CPU = Release|Any CPU
	EndGlobalSection
	GlobalSection(ProjectConfigurationPlatforms) = postSolution
		{9624CE77-032C-4CD5-85FC-44AB4FCD11AC}.Debug|Any CPU.ActiveCfg = Debug|Any CPU
		{9624CE77-032C-4CD5-85FC-44AB4FCD11AC}.Debug|Any CPU.Build.0 = Debug|Any CPU
		{9624CE77-032C-4CD5-85FC-44AB4FCD11AC}.Release|Any CPU.ActiveCfg = Release|Any CPU
		{9624CE77-032C-4CD5-85FC-44AB4FCD11AC}.Release|Any CPU.Build.0 = Release|Any CPU
		{686EB3E0-CC82-423A-B17A-6CC972851BE8}.Debug|Any CPU.ActiveCfg = Debug|Any CPU
		{686EB3E0-CC82-423A-B17A-6CC972851BE8}.Debug|Any CPU.Build.0 = Debug|Any CPU
		{686EB3E0-CC82-423A-B17A-6CC972851BE8}.Release|Any CPU.ActiveCfg = Release|Any CPU
		{686EB3E0-CC82-423A-B17A-6CC972851BE8}.Release|Any CPU.Build.0 = Release|Any CPU
		{2EFEDE7B-C244-4509-978E-BF032FC460AC}.Debug|Any CPU.ActiveCfg = Debug|Any CPU
		{2EFEDE7B-C244-4509-978E-BF032FC460AC}.Debug|Any CPU.Build.0 = Debug|Any CPU
		{2EFEDE7B-C244-4509-978E-BF032FC460AC}.Release|Any CPU.ActiveCfg = Release|Any CPU
		{2EFEDE7B-C244-4509-978E-BF032FC460AC}.Release|Any CPU.Build.0 = Release|Any CPU
	EndGlobalSection
	GlobalSection(SolutionProperties) = preSolution
		HideSolutionNode = FALSE
	EndGlobalSection
	GlobalSection(NestedProjects) = preSolution
		{9624CE77-032C-4CD5-85FC-44AB4FCD11AC} = {D5A9A746-B273-451A-B4C9-BC08273741F3}
		{686EB3E0-CC82-423A-B17A-6CC972851BE8} = {78F881C8-2833-4E6D-BD22-59B9013F76F0}
		{2EFEDE7B-C244-4509-978E-BF032FC460AC} = {78F881C8-2833-4E6D-BD22-59B9013F76F0}
	EndGlobalSection
	GlobalSection(ExtensibilityGlobals) = postSolution
		SolutionGuid = {3108EBE5-F7AB-460C-AB99-226188A4DDC3}
	EndGlobalSection
EndGlobal
